
Microsoft Visual Studio Solution File, Format Version 12.00
# Visual Studio Version 17
VisualStudioVersion = 17.12.35707.178
MinimumVisualStudioVersion = 10.0.40219.1
Project("{FAE04EC0-301F-11D3-BF4B-00C04F79EFBC}") = "Teast_Api", "Teast_Api\Teast_Api.csproj", "{BBA13CFF-6ECA-43FD-9E21-4BCE5FB01C1A}"
EndProject
Project("{FAE04EC0-301F-11D3-BF4B-00C04F79EFBC}") = "RepositoryPatternWithUOW.Core", "RepositoryPatternWithUOW.Core\RepositoryPatternWithUOW.Core.csproj", "{E35872E0-AEEA-434E-AB96-E414490CCFF7}"
EndProject
Project("{FAE04EC0-301F-11D3-BF4B-00C04F79EFBC}") = "RepositoryPatternWithEFCore.EF4", "RepositoryPatternWithUOW.EF4\RepositoryPatternWithEFCore.EF4.csproj", "{B5D6AFA7-D390-46C1-B8B9-28CCADC0330F}"
EndProject
Global
	GlobalSection(SolutionConfigurationPlatforms) = preSolution
		Debug|Any CPU = Debug|Any CPU
		Release|Any CPU = Release|Any CPU
	EndGlobalSection
	GlobalSection(ProjectConfigurationPlatforms) = postSolution
		{BBA13CFF-6ECA-43FD-9E21-4BCE5FB01C1A}.Debug|Any CPU.ActiveCfg = Debug|Any CPU
		{BBA13CFF-6ECA-43FD-9E21-4BCE5FB01C1A}.Debug|Any CPU.Build.0 = Debug|Any CPU
		{BBA13CFF-6ECA-43FD-9E21-4BCE5FB01C1A}.Release|Any CPU.ActiveCfg = Release|Any CPU
		{BBA13CFF-6ECA-43FD-9E21-4BCE5FB01C1A}.Release|Any CPU.Build.0 = Release|Any CPU
		{E35872E0-AEEA-434E-AB96-E414490CCFF7}.Debug|Any CPU.ActiveCfg = Debug|Any CPU
		{E35872E0-AEEA-434E-AB96-E414490CCFF7}.Debug|Any CPU.Build.0 = Debug|Any CPU
		{E35872E0-AEEA-434E-AB96-E414490CCFF7}.Release|Any CPU.ActiveCfg = Release|Any CPU
		{E35872E0-AEEA-434E-AB96-E414490CCFF7}.Release|Any CPU.Build.0 = Release|Any CPU
		{B5D6AFA7-D390-46C1-B8B9-28CCADC0330F}.Debug|Any CPU.ActiveCfg = Debug|Any CPU
		{B5D6AFA7-D390-46C1-B8B9-28CCADC0330F}.Debug|Any CPU.Build.0 = Debug|Any CPU
		{B5D6AFA7-D390-46C1-B8B9-28CCADC0330F}.Release|Any CPU.ActiveCfg = Release|Any CPU
		{B5D6AFA7-D390-46C1-B8B9-28CCADC0330F}.Release|Any CPU.Build.0 = Release|Any CPU
	EndGlobalSection
	GlobalSection(SolutionProperties) = preSolution
		HideSolutionNode = FALSE
	EndGlobalSection
EndGlobal
